
Microsoft Visual Studio Solution File, Format Version 11.00
# Visual Studio 2010
Project("{FAE04EC0-301F-11D3-BF4B-00C04F79EFBC}") = "FarmerColt", "Assembly-CSharp-firstpass.csproj", "{9DCB5773-06A0-F43D-8F0C-25E14B3D1FC0}"
EndProject
Project("{FAE04EC0-301F-11D3-BF4B-00C04F79EFBC}") = "FarmerColt", "Assembly-CSharp-Editor-firstpass.csproj", "{BD645647-C1AD-6750-F204-C0D5344B5147}"
EndProject
Global
	GlobalSection(SolutionConfigurationPlatforms) = preSolution
		Debug|Any CPU = Debug|Any CPU
		Release|Any CPU = Release|Any CPU
	EndGlobalSection
	GlobalSection(ProjectConfigurationPlatforms) = postSolution
		{9DCB5773-06A0-F43D-8F0C-25E14B3D1FC0}.Debug|Any CPU.ActiveCfg = Debug|Any CPU
		{9DCB5773-06A0-F43D-8F0C-25E14B3D1FC0}.Debug|Any CPU.Build.0 = Debug|Any CPU
		{9DCB5773-06A0-F43D-8F0C-25E14B3D1FC0}.Release|Any CPU.ActiveCfg = Release|Any CPU
		{9DCB5773-06A0-F43D-8F0C-25E14B3D1FC0}.Release|Any CPU.Build.0 = Release|Any CPU
		{BD645647-C1AD-6750-F204-C0D5344B5147}.Debug|Any CPU.ActiveCfg = Debug|Any CPU
		{BD645647-C1AD-6750-F204-C0D5344B5147}.Debug|Any CPU.Build.0 = Debug|Any CPU
		{BD645647-C1AD-6750-F204-C0D5344B5147}.Release|Any CPU.ActiveCfg = Release|Any CPU
		{BD645647-C1AD-6750-F204-C0D5344B5147}.Release|Any CPU.Build.0 = Release|Any CPU
	EndGlobalSection
	GlobalSection(SolutionProperties) = preSolution
		HideSolutionNode = FALSE
	EndGlobalSection
	GlobalSection(MonoDevelopProperties) = preSolution
		StartupItem = Assembly-CSharp.csproj
	EndGlobalSection
EndGlobal
